Microsoft Visual Studio Solution File, Format Version 12.00
# Visual Studio Version 17
VisualStudioVersion = 17.5.2.0
MinimumVisualStudioVersion = 10.0.40219.1
Project("{2150E333-8FDC-42A3-9474-1A3956D46DE8}") = "api", "api", "{D82C56D6-B2CD-F611-9E31-04638F7EC30E}"
EndProject
Project("{FAE04EC0-301F-11D3-BF4B-00C04F79EFBC}") = "PokerLeague.Api", "api\PokerLeague.Api\PokerLeague.Api.csproj", "{05E296D8-4E39-DC63-7D1C-3707A54AD9C5}"
EndProject
Project("{2150E333-8FDC-42A3-9474-1A3956D46DE8}") = "web", "web", "{A1B2C3D4-E5F6-4A5B-8C9D-1E2F3A4B5C6D}"
	ProjectSection(SolutionItems) = preProject
		web\dashboard.html = web\dashboard.html
		web\easy-game-recorder.html = web\easy-game-recorder.html
		web\host.html = web\host.html
		web\index.html = web\index.html
		web\login.html = web\login.html
		web\menu.html = web\menu.html
	EndProjectSection
EndProject
Project("{2150E333-8FDC-42A3-9474-1A3956D46DE8}") = "web-js", "web-js", "{B2C3D4E5-F6A7-4B5C-9D1E-2F3A4B5C6D7E}"
	ProjectSection(SolutionItems) = preProject
		web\js\auth.js = web\js\auth.js
		web\js\config.js = web\js\config.js
		web\js\game-app.js = web\js\game-app.js
		web\js\login-app.js = web\js\login-app.js
		web\js\menu-app.js = web\js\menu-app.js
		web\js\rebuy-app.js = web\js\rebuy-app.js
		web\js\resources.js = web\js\resources.js
	EndProjectSection
EndProject
Project("{2150E333-8FDC-42A3-9474-1A3956D46DE8}") = "web-js-resources", "web-js-resources", "{C4D5E6F7-A8B9-4C5D-9E1F-3A4B5C6D7E8F}"
	ProjectSection(SolutionItems) = preProject
		web\js\resources\resources.en.js = web\js\resources\resources.en.js
		web\js\resources\resources.he.js = web\js\resources\resources.he.js
		web\js\resources\resources.js = web\js\resources\resources.js
	EndProjectSection
EndProject
Project("{2150E333-8FDC-42A3-9474-1A3956D46DE8}") = "sql", "sql", "{D5E6F7A8-B9C1-4D5E-9F1A-4B5C6D7E8F9A}"
	ProjectSection(SolutionItems) = preProject
		sql\001_schema.sql = sql\001_schema.sql
		sql\002_seed.sql = sql\002_seed.sql
	EndProjectSection
EndProject
Project("{2150E333-8FDC-42A3-9474-1A3956D46DE8}") = "infra", "infra", "{E6F7A8B9-C1D2-4E5F-9A1B-5C6D7E8F9A0B}"
	ProjectSection(SolutionItems) = preProject
		infra\main.bicep = infra\main.bicep
	EndProjectSection
EndProject
Project("{2150E333-8FDC-42A3-9474-1A3956D46DE8}") = ".github", ".github", "{F7A8B9C1-D2E3-4F5A-9B1C-6D7E8F9A0B1C}"
	ProjectSection(SolutionItems) = preProject
		.github\copilot-instructions.md = .github\copilot-instructions.md
	EndProjectSection
EndProject
Project("{2150E333-8FDC-42A3-9474-1A3956D46DE8}") = "Solution Items", "Solution Items", "{A8B9C1D2-E3F4-4A5B-9C1D-7E8F9A0B1C2D}"
	ProjectSection(SolutionItems) = preProject
		.gitignore = .gitignore
		ACTION_PLAN.md = ACTION_PLAN.md
		CREATE-DESKTOP-SHORTCUT.bat = CREATE-DESKTOP-SHORTCUT.bat
		deploy-to-azure.ps1 = deploy-to-azure.ps1
		LOCALDEV_SETUP.md = LOCALDEV_SETUP.md
		PROJECT_STATUS.md = PROJECT_STATUS.md
		README.md = README.md
		reset-and-start.ps1 = reset-and-start.ps1
		ROADMAP.md = ROADMAP.md
		START-ALL.ps1 = START-ALL.ps1
		START-FRONTEND.bat = START-FRONTEND.bat
		START-FRONTEND.ps1 = START-FRONTEND.ps1
		test-api.ps1 = test-api.ps1
		TROUBLESHOOTING.md = TROUBLESHOOTING.md
	EndProjectSection
EndProject
Global
	GlobalSection(SolutionConfigurationPlatforms) = preSolution
		Debug|Any CPU = Debug|Any CPU
		Release|Any CPU = Release|Any CPU
	EndGlobalSection
	GlobalSection(ProjectConfigurationPlatforms) = postSolution
		{05E296D8-4E39-DC63-7D1C-3707A54AD9C5}.Debug|Any CPU.ActiveCfg = Debug|Any CPU
		{05E296D8-4E39-DC63-7D1C-3707A54AD9C5}.Debug|Any CPU.Build.0 = Debug|Any CPU
		{05E296D8-4E39-DC63-7D1C-3707A54AD9C5}.Release|Any CPU.ActiveCfg = Release|Any CPU
		{05E296D8-4E39-DC63-7D1C-3707A54AD9C5}.Release|Any CPU.Build.0 = Release|Any CPU
	EndGlobalSection
	GlobalSection(SolutionProperties) = preSolution
		HideSolutionNode = FALSE
	EndGlobalSection
	GlobalSection(NestedProjects) = preSolution
		{05E296D8-4E39-DC63-7D1C-3707A54AD9C5} = {D82C56D6-B2CD-F611-9E31-04638F7EC30E}
		{B2C3D4E5-F6A7-4B5C-9D1E-2F3A4B5C6D7E} = {A1B2C3D4-E5F6-4A5B-8C9D-1E2F3A4B5C6D}
		{C4D5E6F7-A8B9-4C5D-9E1F-3A4B5C6D7E8F} = {B2C3D4E5-F6A7-4B5C-9D1E-2F3A4B5C6D7E}
	EndGlobalSection
	GlobalSection(ExtensibilityGlobals) = postSolution
		SolutionGuid = {97B3AD1A-A503-4050-AFA6-76D3150ECED4}
	EndGlobalSection
EndGlobal
